{
  "name": "node script",
  "lockfileVersion": 3,
  "requires": true,
  "packages": {
    "": {
      "dependencies": {
        "sdm": "^0.0.2"
      }
    },
    "node_modules/extends__": {
      "version": "0.0.3",
      "resolved": "https://registry.npmjs.org/extends__/-/extends__-0.0.3.tgz",
      "integrity": "sha512-nGCVzA5N40kEXJZUOnehP9pqOLu6QcL4MJQyacMAftwqnq2PqjCPb+Kbt1+azLVq/JdjIveIWYLvIA0BrGFCsg=="
    },
    "node_modules/sdm": {
      "version": "0.0.2",
      "resolved": "https://registry.npmjs.org/sdm/-/sdm-0.0.2.tgz",
      "integrity": "sha512-Yiba7anTki5hUTZXKW1St9J3xmFIUO+yNQv9oCs+tUv1IKVn3Z9OlpUO60SDVc12UIRrRYCdyy1p4gAkrpHr9w==",
      "dependencies": {
        "extends__": "0.0.3"
      }
    }
  }
}
